
Microsoft Visual Studio Solution File, Format Version 12.00
# Visual Studio Version 17
VisualStudioVersion = 17.12.35521.163
MinimumVisualStudioVersion = 10.0.40219.1
Project("{FAE04EC0-301F-11D3-BF4B-00C04F79EFBC}") = "YandexMusicExport", "YandexMusicExport\YandexMusicExport.csproj", "{22533AD8-9262-45CF-8641-C8B49D99084C}"
EndProject
Project("{FAE04EC0-301F-11D3-BF4B-00C04F79EFBC}") = "Ldd.MusicPlaylistsConverter", "Ldd.MusicPlaylistsConverter\Ldd.MusicPlaylistsConverter.csproj", "{EC40693B-D32E-4033-8F45-DF9157F45132}"
EndProject
Project("{2150E333-8FDC-42A3-9474-1A3956D46DE8}") = ".SolutionItems", ".SolutionItems", "{BD0599AE-06A1-4996-98FC-EA2CAC2B8CB8}"
	ProjectSection(SolutionItems) = preProject
		.editorconfig = .editorconfig
		.gitignore = .gitignore
	EndProjectSection
EndProject
Project("{888888A0-9F3D-457C-B088-3A5042F75D52}") = "Ldd.YandexMusicConversion", "Ldd.YandexMusicConversion\Ldd.YandexMusicConversion.pyproj", "{339C1597-48CE-4DCC-B420-6787706A6004}"
EndProject
Project("{FAE04EC0-301F-11D3-BF4B-00C04F79EFBC}") = "Ldd.MusicFilesMetadata", "Ldd.MusicFilesMetadata\Ldd.MusicFilesMetadata.csproj", "{94306880-684A-4275-ADCD-4350B6158EA2}"
EndProject
Project("{FAE04EC0-301F-11D3-BF4B-00C04F79EFBC}") = "Ldd.MusicPlaylists.Domain", "Ldd.MusicPlaylists.Domain\Ldd.MusicPlaylists.Domain.csproj", "{48AA12D4-4324-4585-83F3-4E46C23EC606}"
EndProject
Project("{FAE04EC0-301F-11D3-BF4B-00C04F79EFBC}") = "Ldd.MusicPlaylists.Serialization", "Ldd.MusicPlaylists.Serialization\Ldd.MusicPlaylists.Serialization.csproj", "{3B01173E-F052-4334-940D-D6F07FA6C874}"
EndProject
Project("{FAE04EC0-301F-11D3-BF4B-00C04F79EFBC}") = "Ldd.YandexMusicAuthorization", "Ldd.YandexMusicAuthorization\Ldd.YandexMusicAuthorization.csproj", "{88375ACF-B723-4955-8BC0-3ED1505B4793}"
EndProject
Global
	GlobalSection(SolutionConfigurationPlatforms) = preSolution
		Debug|Any CPU = Debug|Any CPU
		Release|Any CPU = Release|Any CPU
	EndGlobalSection
	GlobalSection(ProjectConfigurationPlatforms) = postSolution
		{22533AD8-9262-45CF-8641-C8B49D99084C}.Debug|Any CPU.ActiveCfg = Debug|Any CPU
		{22533AD8-9262-45CF-8641-C8B49D99084C}.Debug|Any CPU.Build.0 = Debug|Any CPU
		{22533AD8-9262-45CF-8641-C8B49D99084C}.Release|Any CPU.ActiveCfg = Release|Any CPU
		{22533AD8-9262-45CF-8641-C8B49D99084C}.Release|Any CPU.Build.0 = Release|Any CPU
		{EC40693B-D32E-4033-8F45-DF9157F45132}.Debug|Any CPU.ActiveCfg = Debug|Any CPU
		{EC40693B-D32E-4033-8F45-DF9157F45132}.Debug|Any CPU.Build.0 = Debug|Any CPU
		{EC40693B-D32E-4033-8F45-DF9157F45132}.Release|Any CPU.ActiveCfg = Release|Any CPU
		{EC40693B-D32E-4033-8F45-DF9157F45132}.Release|Any CPU.Build.0 = Release|Any CPU
		{339C1597-48CE-4DCC-B420-6787706A6004}.Debug|Any CPU.ActiveCfg = Debug|Any CPU
		{339C1597-48CE-4DCC-B420-6787706A6004}.Release|Any CPU.ActiveCfg = Release|Any CPU
		{94306880-684A-4275-ADCD-4350B6158EA2}.Debug|Any CPU.ActiveCfg = Debug|Any CPU
		{94306880-684A-4275-ADCD-4350B6158EA2}.Debug|Any CPU.Build.0 = Debug|Any CPU
		{94306880-684A-4275-ADCD-4350B6158EA2}.Release|Any CPU.ActiveCfg = Release|Any CPU
		{94306880-684A-4275-ADCD-4350B6158EA2}.Release|Any CPU.Build.0 = Release|Any CPU
		{48AA12D4-4324-4585-83F3-4E46C23EC606}.Debug|Any CPU.ActiveCfg = Debug|Any CPU
		{48AA12D4-4324-4585-83F3-4E46C23EC606}.Debug|Any CPU.Build.0 = Debug|Any CPU
		{48AA12D4-4324-4585-83F3-4E46C23EC606}.Release|Any CPU.ActiveCfg = Release|Any CPU
		{48AA12D4-4324-4585-83F3-4E46C23EC606}.Release|Any CPU.Build.0 = Release|Any CPU
		{3B01173E-F052-4334-940D-D6F07FA6C874}.Debug|Any CPU.ActiveCfg = Debug|Any CPU
		{3B01173E-F052-4334-940D-D6F07FA6C874}.Debug|Any CPU.Build.0 = Debug|Any CPU
		{3B01173E-F052-4334-940D-D6F07FA6C874}.Release|Any CPU.ActiveCfg = Release|Any CPU
		{3B01173E-F052-4334-940D-D6F07FA6C874}.Release|Any CPU.Build.0 = Release|Any CPU
		{88375ACF-B723-4955-8BC0-3ED1505B4793}.Debug|Any CPU.ActiveCfg = Debug|Any CPU
		{88375ACF-B723-4955-8BC0-3ED1505B4793}.Debug|Any CPU.Build.0 = Debug|Any CPU
		{88375ACF-B723-4955-8BC0-3ED1505B4793}.Release|Any CPU.ActiveCfg = Release|Any CPU
		{88375ACF-B723-4955-8BC0-3ED1505B4793}.Release|Any CPU.Build.0 = Release|Any CPU
	EndGlobalSection
	GlobalSection(SolutionProperties) = preSolution
		HideSolutionNode = FALSE
	EndGlobalSection
EndGlobal
